
Microsoft Visual Studio Solution File, Format Version 12.00
# Visual Studio Version 17
VisualStudioVersion = 17.3.32804.467
MinimumVisualStudioVersion = 10.0.40219.1
Project("{FAE04EC0-301F-11D3-BF4B-00C04F79EFBC}") = "H4_SoftwareSecurity_ClientServerHybridEncryption2", "H4_SoftwareSecurity_ClientServerHybridEncryption2\H4_SoftwareSecurity_ClientServerHybridEncryption2.csproj", "{1AC0187F-099F-4BC8-BFE3-2AA7C45B14C0}"
EndProject
Project("{FAE04EC0-301F-11D3-BF4B-00C04F79EFBC}") = "ServerSimulation", "ServerSimulation\ServerSimulation.csproj", "{95C565F9-7A9A-4134-914D-3501A63BDA52}"
EndProject
Global
	GlobalSection(SolutionConfigurationPlatforms) = preSolution
		Debug|Any CPU = Debug|Any CPU
		Release|Any CPU = Release|Any CPU
	EndGlobalSection
	GlobalSection(ProjectConfigurationPlatforms) = postSolution
		{1AC0187F-099F-4BC8-BFE3-2AA7C45B14C0}.Debug|Any CPU.ActiveCfg = Debug|Any CPU
		{1AC0187F-099F-4BC8-BFE3-2AA7C45B14C0}.Debug|Any CPU.Build.0 = Debug|Any CPU
		{1AC0187F-099F-4BC8-BFE3-2AA7C45B14C0}.Release|Any CPU.ActiveCfg = Release|Any CPU
		{1AC0187F-099F-4BC8-BFE3-2AA7C45B14C0}.Release|Any CPU.Build.0 = Release|Any CPU
		{95C565F9-7A9A-4134-914D-3501A63BDA52}.Debug|Any CPU.ActiveCfg = Debug|Any CPU
		{95C565F9-7A9A-4134-914D-3501A63BDA52}.Debug|Any CPU.Build.0 = Debug|Any CPU
		{95C565F9-7A9A-4134-914D-3501A63BDA52}.Release|Any CPU.ActiveCfg = Release|Any CPU
		{95C565F9-7A9A-4134-914D-3501A63BDA52}.Release|Any CPU.Build.0 = Release|Any CPU
	EndGlobalSection
	GlobalSection(SolutionProperties) = preSolution
		HideSolutionNode = FALSE
	EndGlobalSection
	GlobalSection(ExtensibilityGlobals) = postSolution
		SolutionGuid = {34773F03-4662-4321-9DF8-58376A952AF0}
	EndGlobalSection
EndGlobal
